// !$*UTF8*$!
{
	archiveVersion = 1;
	classes = {
	};
	objectVersion = 46;
	objects = {

/* Begin PBXBuildFile section */
		39954ECA1A3E2E9C00540D20 /* AppDelegate.swift in Sources */ = {isa = PBXBuildFile; fileRef = 39954EC91A3E2E9C00540D20 /* AppDelegate.swift */; };
		39954ECC1A3E2E9C00540D20 /* ViewController.swift in Sources */ = {isa = PBXBuildFile; fileRef = 39954ECB1A3E2E9C00540D20 /* ViewController.swift */; };
		39954ECF1A3E2E9D00540D20 /* Main.storyboard in Resources */ = {isa = PBXBuildFile; fileRef = 39954ECD1A3E2E9D00540D20 /* Main.storyboard */; };
		39954ED11A3E2E9D00540D20 /* Images.xcassets in Resources */ = {isa = PBXBuildFile; fileRef = 39954ED01A3E2E9D00540D20 /* Images.xcassets */; };
		39954ED41A3E2E9D00540D20 /* LaunchScreen.xib in Resources */ = {isa = PBXBuildFile; fileRef = 39954ED21A3E2E9D00540D20 /* LaunchScreen.xib */; };
		39954EE01A3E2E9D00540D20 /* NameBadgeTests.swift in Sources */ = {isa = PBXBuildFile; fileRef = 39954EDF1A3E2E9D00540D20 /* NameBadgeTests.swift */; };
/* End PBXBuildFile section */

/* Begin PBXContainerItemProxy section */
		39954EDA1A3E2E9D00540D20 /* PBXContainerItemProxy */ = {
			isa = PBXContainerItemProxy;
			containerPortal = 39954EBC1A3E2E9C00540D20 /* Project object */;
			proxyType = 1;
			remoteGlobalIDString = 39954EC31A3E2E9C00540D20;
			remoteInfo = NameBadge;
		};
/* End PBXContainerItemProxy section */

/* Begin PBXFileReference section */
		39954EC41A3E2E9C00540D20 /* NameBadge.app */ = {isa = PBXFileReference; explicitFileType = wrapper.application; includeInIndex = 0; path = NameBadge.app; sourceTree = BUILT_PRODUCTS_DIR; };
		39954EC81A3E2E9C00540D20 /* Info.plist */ = {isa = PBXFileReference; lastKnownFileType = text.plist.xml; path = Info.plist; sourceTree = "<group>"; };
		39954EC91A3E2E9C00540D20 /* AppDelegate.swift */ = {isa = PBXFileReference; lastKnownFileType = sourcecode.swift; path = AppDelegate.swift; sourceTree = "<group>"; };
		39954ECB1A3E2E9C00540D20 /* ViewController.swift */ = {isa = PBXFileReference; lastKnownFileType = sourcecode.swift; path = ViewController.swift; sourceTree = "<group>"; };
		39954ECE1A3E2E9D00540D20 /* Base */ = {isa = PBXFileReference; lastKnownFileType = file.storyboard; name = Base; path = Base.lproj/Main.storyboard; sourceTree = "<group>"; };
		39954ED01A3E2E9D00540D20 /* Images.xcassets */ = {isa = PBXFileReference; lastKnownFileType = folder.assetcatalog; path = Images.xcassets; sourceTree = "<group>"; };
		39954ED31A3E2E9D00540D20 /* Base */ = {isa = PBXFileReference; lastKnownFileType = file.xib; name = Base; path = Base.lproj/LaunchScreen.xib; sourceTree = "<group>"; };
		39954ED91A3E2E9D00540D20 /* NameBadgeTests.xctest */ = {isa = PBXFileReference; explicitFileType = wrapper.cfbundle; includeInIndex = 0; path = NameBadgeTests.xctest; sourceTree = BUILT_PRODUCTS_DIR; };
		39954EDE1A3E2E9D00540D20 /* Info.plist */ = {isa = PBXFileReference; lastKnownFileType = text.plist.xml; path = Info.plist; sourceTree = "<group>"; };
		39954EDF1A3E2E9D00540D20 /* NameBadgeTests.swift */ = {isa = PBXFileReference; lastKnownFileType = sourcecode.swift; path = NameBadgeTests.swift; sourceTree = "<group>"; };
/* End PBXFileReference section */

/* Begin PBXFrameworksBuildPhase section */
		39954EC11A3E2E9C00540D20 /* Frameworks */ = {
			isa = PBXFrameworksBuildPhase;
			buildActionMask = 2147483647;
			files = (
			);
			runOnlyForDeploymentPostprocessing = 0;
		};
		39954ED61A3E2E9D00540D20 /* Frameworks */ = {
			isa = PBXFrameworksBuildPhase;
			buildActionMask = 2147483647;
			files = (
			);
			runOnlyForDeploymentPostprocessing = 0;
		};
/* End PBXFrameworksBuildPhase section */

/* Begin PBXGroup section */
		39954EBB1A3E2E9C00540D20 = {
			isa = PBXGroup;
			children = (
				39954EC61A3E2E9C00540D20 /* NameBadge */,
				39954EDC1A3E2E9D00540D20 /* NameBadgeTests */,
				39954EC51A3E2E9C00540D20 /* Products */,
			);
			sourceTree = "<group>";
		};
		39954EC51A3E2E9C00540D20 /* Products */ = {
			isa = PBXGroup;
			children = (
				39954EC41A3E2E9C00540D20 /* NameBadge.app */,
				39954ED91A3E2E9D00540D20 /* NameBadgeTests.xctest */,
			);
			name = Products;
			sourceTree = "<group>";
		};
		39954EC61A3E2E9C00540D20 /* NameBadge */ = {
			isa = PBXGroup;
			children = (
				39954EC91A3E2E9C00540D20 /* AppDelegate.swift */,
				39954ECB1A3E2E9C00540D20 /* ViewController.swift */,
				39954ECD1A3E2E9D00540D20 /* Main.storyboard */,
				39954ED01A3E2E9D00540D20 /* Images.xcassets */,
				39954ED21A3E2E9D00540D20 /* LaunchScreen.xib */,
				39954EC71A3E2E9C00540D20 /* Supporting Files */,
			);
			path = NameBadge;
			sourceTree = "<group>";
		};
		39954EC71A3E2E9C00540D20 /* Supporting Files */ = {
			isa = PBXGroup;
			children = (
				39954EC81A3E2E9C00540D20 /* Info.plist */,
			);
			name = "Supporting Files";
			sourceTree = "<group>";
		};
		39954EDC1A3E2E9D00540D20 /* NameBadgeTests */ = {
			isa = PBXGroup;
			children = (
				39954EDF1A3E2E9D00540D20 /* NameBadgeTests.swift */,
				39954EDD1A3E2E9D00540D20 /* Supporting Files */,
			);
			path = NameBadgeTests;
			sourceTree = "<group>";
		};
		39954EDD1A3E2E9D00540D20 /* Supporting Files */ = {
			isa = PBXGroup;
			children = (
				39954EDE1A3E2E9D00540D20 /* Info.plist */,
			);
			name = "Supporting Files";
			sourceTree = "<group>";
		};
/* End PBXGroup section */

/* Begin PBXNativeTarget section */
		39954EC31A3E2E9C00540D20 /* NameBadge */ = {
			isa = PBXNativeTarget;
			buildConfigurationList = 39954EE31A3E2E9D00540D20 /* Build configuration list for PBXNativeTarget "NameBadge" */;
			buildPhases = (
				39954EC01A3E2E9C00540D20 /* Sources */,
				39954EC11A3E2E9C00540D20 /* Frameworks */,
				39954EC21A3E2E9C00540D20 /* Resources */,
			);
			buildRules = (
			);
			dependencies = (
			);
			name = NameBadge;
			productName = NameBadge;
			productReference = 39954EC41A3E2E9C00540D20 /* NameBadge.app */;
			productType = "com.apple.product-type.application";
		};
		39954ED81A3E2E9D00540D20 /* NameBadgeTests */ = {
			isa = PBXNativeTarget;
			buildConfigurationList = 39954EE61A3E2E9D00540D20 /* Build configuration list for PBXNativeTarget "NameBadgeTests" */;
			buildPhases = (
				39954ED51A3E2E9D00540D20 /* Sources */,
				39954ED61A3E2E9D00540D20 /* Frameworks */,
				39954ED71A3E2E9D00540D20 /* Resources */,
			);
			buildRules = (
			);
			dependencies = (
				39954EDB1A3E2E9D00540D20 /* PBXTargetDependency */,
			);
			name = NameBadgeTests;
			productName = NameBadgeTests;
			productReference = 39954ED91A3E2E9D00540D20 /* NameBadgeTests.xctest */;
			productType = "com.apple.product-type.bundle.unit-test";
		};
/* End PBXNativeTarget section */

/* Begin PBXProject section */
		39954EBC1A3E2E9C00540D20 /* Project object */ = {
			isa = PBXProject;
			attributes = {
				LastUpgradeCheck = 0610;
				ORGANIZATIONNAME = "Steve Kinney";
				TargetAttributes = {
					39954EC31A3E2E9C00540D20 = {
						CreatedOnToolsVersion = 6.1;
					};
					39954ED81A3E2E9D00540D20 = {
						CreatedOnToolsVersion = 6.1;
						TestTargetID = 39954EC31A3E2E9C00540D20;
					};
				};
			};
			buildConfigurationList = 39954EBF1A3E2E9C00540D20 /* Build configuration list for PBXProject "NameBadge" */;
			compatibilityVersion = "Xcode 3.2";
			developmentRegion = English;
			hasScannedForEncodings = 0;
			knownRegions = (
				en,
				Base,
			);
			mainGroup = 39954EBB1A3E2E9C00540D20;
			productRefGroup = 39954EC51A3E2E9C00540D20 /* Products */;
			projectDirPath = "";
			projectRoot = "";
			targets = (
				39954EC31A3E2E9C00540D20 /* NameBadge */,
				39954ED81A3E2E9D00540D20 /* NameBadgeTests */,
			);
		};
/* End PBXProject section */

/* Begin PBXResourcesBuildPhase section */
		39954EC21A3E2E9C00540D20 /* Resources */ = {
			isa = PBXResourcesBuildPhase;
			buildActionMask = 2147483647;
			files = (
				39954ECF1A3E2E9D00540D20 /* Main.storyboard in Resources */,
				39954ED41A3E2E9D00540D20 /* LaunchScreen.xib in Resources */,
				39954ED11A3E2E9D00540D20 /* Images.xcassets in Resources */,
			);
			runOnlyForDeploymentPostprocessing = 0;
		};
		39954ED71A3E2E9D00540D20 /* Resources */ = {
			isa = PBXResourcesBuildPhase;
			buildActionMask = 2147483647;
			files = (
			);
			runOnlyForDeploymentPostprocessing = 0;
		};
/* End PBXResourcesBuildPhase section */

/* Begin PBXSourcesBuildPhase section */
		39954EC01A3E2E9C00540D20 /* Sources */ = {
			isa = PBXSourcesBuildPhase;
			buildActionMask = 2147483647;
			files = (
				39954ECC1A3E2E9C00540D20 /* ViewController.swift in Sources */,
				39954ECA1A3E2E9C00540D20 /* AppDelegate.swift in Sources */,
			);
			runOnlyForDeploymentPostprocessing = 0;
		};
		39954ED51A3E2E9D00540D20 /* Sources */ = {
			isa = PBXSourcesBuildPhase;
			buildActionMask = 2147483647;
			files = (
				39954EE01A3E2E9D00540D20 /* NameBadgeTests.swift in Sources */,
			);
			runOnlyForDeploymentPostprocessing = 0;
		};
/* End PBXSourcesBuildPhase section */

/* Begin PBXTargetDependency section */
		39954EDB1A3E2E9D00540D20 /* PBXTargetDependency */ = {
			isa = PBXTargetDependency;
			target = 39954EC31A3E2E9C00540D20 /* NameBadge */;
			targetProxy = 39954EDA1A3E2E9D00540D20 /* PBXContainerItemProxy */;
		};
/* End PBXTargetDependency section */

/* Begin PBXVariantGroup section */
		39954ECD1A3E2E9D00540D20 /* Main.storyboard */ = {
			isa = PBXVariantGroup;
			children = (
				39954ECE1A3E2E9D00540D20 /* Base */,
			);
			name = Main.storyboard;
			sourceTree = "<group>";
		};
		39954ED21A3E2E9D00540D20 /* LaunchScreen.xib */ = {
			isa = PBXVariantGroup;
			children = (
				39954ED31A3E2E9D00540D20 /* Base */,
			);
			name = LaunchScreen.xib;
			sourceTree = "<group>";
		};
/* End PBXVariantGroup section */

/* Begin XCBuildConfiguration section */
		39954EE11A3E2E9D00540D20 /* Debug */ = {
			isa = XCBuildConfiguration;
			buildSettings = {
				ALWAYS_SEARCH_USER_PATHS = NO;
				CLANG_CXX_LANGUAGE_STANDARD = "gnu++0x";
				CLANG_CXX_LIBRARY = "libc++";
				CLANG_ENABLE_MODULES = YES;
				CLANG_ENABLE_OBJC_ARC = YES;
				CLANG_WARN_BOOL_CONVERSION = YES;
				CLANG_WARN_CONSTANT_CONVERSION = YES;
				CLANG_WARN_DIRECT_OBJC_ISA_USAGE = YES_ERROR;
				CLANG_WARN_EMPTY_BODY = YES;
				CLANG_WARN_ENUM_CONVERSION = YES;
				CLANG_WARN_INT_CONVERSION = YES;
				CLANG_WARN_OBJC_ROOT_CLASS = YES_ERROR;
				CLANG_WARN_UNREACHABLE_CODE = YES;
				CLANG_WARN__DUPLICATE_METHOD_MATCH = YES;
				"CODE_SIGN_IDENTITY[sdk=iphoneos*]" = "iPhone Developer";
				COPY_PHASE_STRIP = NO;
				ENABLE_STRICT_OBJC_MSGSEND = YES;
				GCC_C_LANGUAGE_STANDARD = gnu99;
				GCC_DYNAMIC_NO_PIC = NO;
				GCC_OPTIMIZATION_LEVEL = 0;
				GCC_PREPROCESSOR_DEFINITIONS = (
					"DEBUG=1",
					"$(inherited)",
				);
				GCC_SYMBOLS_PRIVATE_EXTERN = NO;
				GCC_WARN_64_TO_32_BIT_CONVERSION = YES;
				GCC_WARN_ABOUT_RETURN_TYPE = YES_ERROR;
				GCC_WARN_UNDECLARED_SELECTOR = YES;
				GCC_WARN_UNINITIALIZED_AUTOS = YES_AGGRESSIVE;
				GCC_WARN_UNUSED_FUNCTION = YES;
				GCC_WARN_UNUSED_VARIABLE = YES;
				IPHONEOS_DEPLOYMENT_TARGET = 8.1;
				MTL_ENABLE_DEBUG_INFO = YES;
				ONLY_ACTIVE_ARCH = YES;
				SDKROOT = iphoneos;
				SWIFT_OPTIMIZATION_LEVEL = "-Onone";
			};
			name = Debug;
		};
		39954EE21A3E2E9D00540D20 /* Release */ = {
			isa = XCBuildConfiguration;
			buildSettings = {
				ALWAYS_SEARCH_USER_PATHS = NO;
				CLANG_CXX_LANGUAGE_STANDARD = "gnu++0x";
				CLANG_CXX_LIBRARY = "libc++";
				CLANG_ENABLE_MODULES = YES;
				CLANG_ENABLE_OBJC_ARC = YES;
				CLANG_WARN_BOOL_CONVERSION = YES;
				CLANG_WARN_CONSTANT_CONVERSION = YES;
				CLANG_WARN_DIRECT_OBJC_ISA_USAGE = YES_ERROR;
				CLANG_WARN_EMPTY_BODY = YES;
				CLANG_WARN_ENUM_CONVERSION = YES;
				CLANG_WARN_INT_CONVERSION = YES;
				CLANG_WARN_OBJC_ROOT_CLASS = YES_ERROR;
				CLANG_WARN_UNREACHABLE_CODE = YES;
				CLANG_WARN__DUPLICATE_METHOD_MATCH = YES;
				"CODE_SIGN_IDENTITY[sdk=iphoneos*]" = "iPhone Developer";
				COPY_PHASE_STRIP = YES;
				ENABLE_NS_ASSERTIONS = NO;
				ENABLE_STRICT_OBJC_MSGSEND = YES;
				GCC_C_LANGUAGE_STANDARD = gnu99;
				GCC_WARN_64_TO_32_BIT_CONVERSION = YES;
				GCC_WARN_ABOUT_RETURN_TYPE = YES_ERROR;
				GCC_WARN_UNDECLARED_SELECTOR = YES;
				GCC_WARN_UNINITIALIZED_AUTOS = YES_AGGRESSIVE;
				GCC_WARN_UNUSED_FUNCTION = YES;
				GCC_WARN_UNUSED_VARIABLE = YES;
				IPHONEOS_DEPLOYMENT_TARGET = 8.1;
				MTL_ENABLE_DEBUG_INFO = NO;
				SDKROOT = iphoneos;
				VALIDATE_PRODUCT = YES;
			};
			name = Release;
		};
		39954EE41A3E2E9D00540D20 /* Debug */ = {
			isa = XCBuildConfiguration;
			buildSettings = {
				ASSETCATALOG_COMPILER_APPICON_NAME = AppIcon;
				INFOPLIST_FILE = NameBadge/Info.plist;
				LD_RUNPATH_SEARCH_PATHS = "$(inherited) @executable_path/Frameworks";
				PRODUCT_NAME = "$(TARGET_NAME)";
			};
			name = Debug;
		};
		39954EE51A3E2E9D00540D20 /* Release */ = {
			isa = XCBuildConfiguration;
			buildSettings = {
				ASSETCATALOG_COMPILER_APPICON_NAME = AppIcon;
				INFOPLIST_FILE = NameBadge/Info.plist;
				LD_RUNPATH_SEARCH_PATHS = "$(inherited) @executable_path/Frameworks";
				PRODUCT_NAME = "$(TARGET_NAME)";
			};
			name = Release;
		};
		39954EE71A3E2E9D00540D20 /* Debug */ = {
			isa = XCBuildConfiguration;
			buildSettings = {
				BUNDLE_LOADER = "$(TEST_HOST)";
				FRAMEWORK_SEARCH_PATHS = (
					"$(SDKROOT)/Developer/Library/Frameworks",
					"$(inherited)",
				);
				GCC_PREPROCESSOR_DEFINITIONS = (
					"DEBUG=1",
					"$(inherited)",
				);
				INFOPLIST_FILE = NameBadgeTests/Info.plist;
				LD_RUNPATH_SEARCH_PATHS = "$(inherited) @executable_path/Frameworks @loader_path/Frameworks";
				PRODUCT_NAME = "$(TARGET_NAME)";
				TEST_HOST = "$(BUILT_PRODUCTS_DIR)/NameBadge.app/NameBadge";
			};
			name = Debug;
		};
		39954EE81A3E2E9D00540D20 /* Release */ = {
			isa = XCBuildConfiguration;
			buildSettings = {
				BUNDLE_LOADER = "$(TEST_HOST)";
				FRAMEWORK_SEARCH_PATHS = (
					"$(SDKROOT)/Developer/Library/Frameworks",
					"$(inherited)",
				);
				INFOPLIST_FILE = NameBadgeTests/Info.plist;
				LD_RUNPATH_SEARCH_PATHS = "$(inherited) @executable_path/Frameworks @loader_path/Frameworks";
				PRODUCT_NAME = "$(TARGET_NAME)";
				TEST_HOST = "$(BUILT_PRODUCTS_DIR)/NameBadge.app/NameBadge";
			};
			name = Release;
		};
/* End XCBuildConfiguration section */

/* Begin XCConfigurationList section */
		39954EBF1A3E2E9C00540D20 /* Build configuration list for PBXProject "NameBadge" */ = {
			isa = XCConfigurationList;
			buildConfigurations = (
				39954EE11A3E2E9D00540D20 /* Debug */,
				39954EE21A3E2E9D00540D20 /* Release */,
			);
			defaultConfigurationIsVisible = 0;
			defaultConfigurationName = Release;
		};
		39954EE31A3E2E9D00540D20 /* Build configuration list for PBXNativeTarget "NameBadge" */ = {
			isa = XCConfigurationList;
			buildConfigurations = (
				39954EE41A3E2E9D00540D20 /* Debug */,
				39954EE51A3E2E9D00540D20 /* Release */,
			);
			defaultConfigurationIsVisible = 0;
		};
		39954EE61A3E2E9D00540D20 /* Build configuration list for PBXNativeTarget "NameBadgeTests" */ = {
			isa = XCConfigurationList;
			buildConfigurations = (
				39954EE71A3E2E9D00540D20 /* Debug */,
				39954EE81A3E2E9D00540D20 /* Release */,
			);
			defaultConfigurationIsVisible = 0;
		};
/* End XCConfigurationList section */
	};
	rootObject = 39954EBC1A3E2E9C00540D20 /* Project object */;
}
